<?xml version="1.0" encoding="utf-8"?>
<Project ToolsVersion="4.0" xmlns="http://schemas.microsoft.com/developer/msbuild/2003">
  <ItemGroup>
    <Filter Include="源文件">
      <UniqueIdentifier>{4FC737F1-C7A5-4376-A066-2A32D752A2FF}</UniqueIdentifier>
      <Extensions>cpp;c;cc;cxx;def;odl;idl;hpj;bat;asm;asmx</Extensions>
    </Filter>
    <Filter Include="头文件">
      <UniqueIdentifier>{93995380-89BD-4b04-88EB-625FBE52EBFB}</UniqueIdentifier>
      <Extensions>h;hh;hpp;hxx;hm;inl;inc;xsd</Extensions>
    </Filter>
    <Filter Include="资源文件">
      <UniqueIdentifier>{67DA6AB6-F800-4c08-8B7A-83BB121AAD01}</UniqueIdentifier>
      <Extensions>rc;ico;cur;bmp;dlg;rc2;rct;bin;rgs;gif;jpg;jpeg;jpe;resx;tiff;tif;png;wav;mfcribbon-ms</Extensions>
    </Filter>
  </ItemGroup>
  <ItemGroup>
    <Text Include="ReadMe.txt" />
  </ItemGroup>
  <ItemGroup>
    <ClInclude Include="APM.h">
      <Filter>头文件</Filter>
    </ClInclude>
    <ClInclude Include="stdafx.h">
      <Filter>头文件</Filter>
    </ClInclude>
    <ClInclude Include="targetver.h">
      <Filter>头文件</Filter>
    </ClInclude>
    <ClInclude Include="MainFrm.h">
      <Filter>头文件</Filter>
    </ClInclude>
    <ClInclude Include="APMDoc.h">
      <Filter>头文件</Filter>
    </ClInclude>
    <ClInclude Include="APMView.h">
      <Filter>头文件</Filter>
    </ClInclude>
    <ClInclude Include="Resource.h">
      <Filter>头文件</Filter>
    </ClInclude>
    <ClInclude Include="AdvMotion.h">
      <Filter>头文件</Filter>
    </ClInclude>
    <ClInclude Include="ErrorInfoDlg.h">
      <Filter>头文件</Filter>
    </ClInclude>
    <ClInclude Include="HomeProcessDlg.h">
      <Filter>头文件</Filter>
    </ClInclude>
    <ClInclude Include="IOControl.h">
      <Filter>头文件</Filter>
    </ClInclude>
    <ClInclude Include="LoginDlg.h">
      <Filter>头文件</Filter>
    </ClInclude>
    <ClInclude Include="NiVisionCtl.h">
      <Filter>头文件</Filter>
    </ClInclude>
    <ClInclude Include="IOStatusDlg.h">
      <Filter>头文件</Filter>
    </ClInclude>
    <ClInclude Include="ControlView.h">
      <Filter>头文件</Filter>
    </ClInclude>
    <ClInclude Include="VisionCtrlDlg.h">
      <Filter>头文件</Filter>
    </ClInclude>
    <ClInclude Include="MainCtrlDlg.h">
      <Filter>头文件</Filter>
    </ClInclude>
    <ClInclude Include="MotionDlg.h">
      <Filter>头文件</Filter>
    </ClInclude>
    <ClInclude Include="GeneralSettingDlg.h">
      <Filter>头文件</Filter>
    </ClInclude>
    <ClInclude Include="HomeSettingDlg.h">
      <Filter>头文件</Filter>
    </ClInclude>
    <ClInclude Include="LaserSettingDlg.h">
      <Filter>头文件</Filter>
    </ClInclude>
    <ClInclude Include="ProjectSettingDlg.h">
      <Filter>头文件</Filter>
    </ClInclude>
    <ClInclude Include="WaiteProcessDlg.h">
      <Filter>头文件</Filter>
    </ClInclude>
    <ClInclude Include="LogHelper.h">
      <Filter>头文件</Filter>
    </ClInclude>
    <ClInclude Include="B.h">
      <Filter>头文件</Filter>
    </ClInclude>
  </ItemGroup>
  <ItemGroup>
    <ClCompile Include="APM.cpp">
      <Filter>源文件</Filter>
    </ClCompile>
    <ClCompile Include="stdafx.cpp">
      <Filter>源文件</Filter>
    </ClCompile>
    <ClCompile Include="MainFrm.cpp">
      <Filter>源文件</Filter>
    </ClCompile>
    <ClCompile Include="APMDoc.cpp">
      <Filter>源文件</Filter>
    </ClCompile>
    <ClCompile Include="APMView.cpp">
      <Filter>源文件</Filter>
    </ClCompile>
    <ClCompile Include="AdvMotion.cpp">
      <Filter>源文件</Filter>
    </ClCompile>
    <ClCompile Include="ErrorInfoDlg.cpp">
      <Filter>源文件</Filter>
    </ClCompile>
    <ClCompile Include="HomeProcessDlg.cpp">
      <Filter>源文件</Filter>
    </ClCompile>
    <ClCompile Include="IOControl.cpp">
      <Filter>源文件</Filter>
    </ClCompile>
    <ClCompile Include="LoginDlg.cpp">
      <Filter>源文件</Filter>
    </ClCompile>
    <ClCompile Include="NiVisionCtl.cpp">
      <Filter>源文件</Filter>
    </ClCompile>
    <ClCompile Include="Include\Label.cpp">
      <Filter>源文件</Filter>
    </ClCompile>
    <ClCompile Include="Include\NIMachineVision.c">
      <Filter>源文件</Filter>
    </ClCompile>
    <ClCompile Include="Include\MachineParam.cpp">
      <Filter>源文件</Filter>
    </ClCompile>
    <ClCompile Include="Include\ReadWriteIni.cpp">
      <Filter>源文件</Filter>
    </ClCompile>
    <ClCompile Include="IOStatusDlg.cpp">
      <Filter>源文件</Filter>
    </ClCompile>
    <ClCompile Include="ControlView.cpp">
      <Filter>源文件</Filter>
    </ClCompile>
    <ClCompile Include="VisionCtrlDlg.cpp">
      <Filter>源文件</Filter>
    </ClCompile>
    <ClCompile Include="MainCtrlDlg.cpp">
      <Filter>源文件</Filter>
    </ClCompile>
    <ClCompile Include="MotionDlg.cpp">
      <Filter>源文件</Filter>
    </ClCompile>
    <ClCompile Include="GeneralSettingDlg.cpp">
      <Filter>源文件</Filter>
    </ClCompile>
    <ClCompile Include="HomeSettingDlg.cpp">
      <Filter>源文件</Filter>
    </ClCompile>
    <ClCompile Include="LaserSettingDlg.cpp">
      <Filter>源文件</Filter>
    </ClCompile>
    <ClCompile Include="ProjectSettingDlg.cpp">
      <Filter>源文件</Filter>
    </ClCompile>
    <ClCompile Include="Include\SerialPort.cpp">
      <Filter>源文件</Filter>
    </ClCompile>
    <ClCompile Include="Include\PLCModbus.cpp">
      <Filter>源文件</Filter>
    </ClCompile>
    <ClCompile Include="Include\StopWatch.cpp">
      <Filter>源文件</Filter>
    </ClCompile>
    <ClCompile Include="WaiteProcessDlg.cpp">
      <Filter>源文件</Filter>
    </ClCompile>
    <ClCompile Include="LogHelper.cpp">
      <Filter>源文件</Filter>
    </ClCompile>
    <ClCompile Include="B.cpp">
      <Filter>源文件</Filter>
    </ClCompile>
  </ItemGroup>
  <ItemGroup>
    <ResourceCompile Include="APM.rc">
      <Filter>资源文件</Filter>
    </ResourceCompile>
  </ItemGroup>
  <ItemGroup>
    <None Include="res\APM.rc2">
      <Filter>资源文件</Filter>
    </None>
  </ItemGroup>
  <ItemGroup>
    <Image Include="res\APMDoc.ico">
      <Filter>资源文件</Filter>
    </Image>
    <Image Include="res\APM.ico">
      <Filter>资源文件</Filter>
    </Image>
    <Image Include="res\Toolbar.bmp">
      <Filter>资源文件</Filter>
    </Image>
    <Image Include="res\ledLow.bmp">
      <Filter>资源文件</Filter>
    </Image>
    <Image Include="res\ledHigh.bmp">
      <Filter>资源文件</Filter>
    </Image>
    <Image Include="res\Error.bmp">
      <Filter>资源文件</Filter>
    </Image>
    <Image Include="res\DIback.bmp">
      <Filter>资源文件</Filter>
    </Image>
    <Image Include="res\toolbar1.bmp">
      <Filter>资源文件</Filter>
    </Image>
    <Image Include="res\ribbonfilelarge48.png">
      <Filter>资源文件</Filter>
    </Image>
    <Image Include="res\toolbar24.bmp">
      <Filter>资源文件</Filter>
    </Image>
    <Image Include="res\UserImages.bmp">
      <Filter>资源文件</Filter>
    </Image>
    <Image Include="res\ToolbarAdd.bmp">
      <Filter>资源文件</Filter>
    </Image>
    <Image Include="res\Stop.ico">
      <Filter>资源文件</Filter>
    </Image>
    <Image Include="res\gree.ico">
      <Filter>资源文件</Filter>
    </Image>
  </ItemGroup>
</Project>